// !$*UTF8*$!
{
	archiveVersion = 1;
	classes = {
	};
	objectVersion = 52;
	objects = {

/* Begin PBXBuildFile section */
		562FBE632977B66E000AC0ED /* Util.swift in Sources */ = {isa = PBXBuildFile; fileRef = 562FBE622977B66E000AC0ED /* Util.swift */; };
		565D78F2297277110041CB09 /* FirebaseAnalytics in Frameworks */ = {isa = PBXBuildFile; productRef = 565D78F1297277110041CB09 /* FirebaseAnalytics */; };
		565D78F4297277110041CB09 /* FirebaseAuth in Frameworks */ = {isa = PBXBuildFile; productRef = 565D78F3297277110041CB09 /* FirebaseAuth */; };
		565D78F6297277110041CB09 /* FirebaseDatabase in Frameworks */ = {isa = PBXBuildFile; productRef = 565D78F5297277110041CB09 /* FirebaseDatabase */; };
		5660429A26D1BED8001256AB /* EnterViewController.swift in Sources */ = {isa = PBXBuildFile; fileRef = 5660429926D1BED8001256AB /* EnterViewController.swift */; };
		5660429C26D1BF14001256AB /* RegistrationViewController.swift in Sources */ = {isa = PBXBuildFile; fileRef = 5660429B26D1BF14001256AB /* RegistrationViewController.swift */; };
		5665697A26D413C1002B5501 /* DriverTableViewController.swift in Sources */ = {isa = PBXBuildFile; fileRef = 5665697926D413C1002B5501 /* DriverTableViewController.swift */; };
		5665697C26D44770002B5501 /* ConfirmRequestViewController.swift in Sources */ = {isa = PBXBuildFile; fileRef = 5665697B26D44770002B5501 /* ConfirmRequestViewController.swift */; };
		5665A23B26D04C3100BCA7CD /* AppDelegate.swift in Sources */ = {isa = PBXBuildFile; fileRef = 5665A23A26D04C3100BCA7CD /* AppDelegate.swift */; };
		5665A23D26D04C3100BCA7CD /* SceneDelegate.swift in Sources */ = {isa = PBXBuildFile; fileRef = 5665A23C26D04C3100BCA7CD /* SceneDelegate.swift */; };
		5665A23F26D04C3100BCA7CD /* ViewController.swift in Sources */ = {isa = PBXBuildFile; fileRef = 5665A23E26D04C3100BCA7CD /* ViewController.swift */; };
		5665A24226D04C3100BCA7CD /* Main.storyboard in Resources */ = {isa = PBXBuildFile; fileRef = 5665A24026D04C3100BCA7CD /* Main.storyboard */; };
		5665A24426D04C3400BCA7CD /* Assets.xcassets in Resources */ = {isa = PBXBuildFile; fileRef = 5665A24326D04C3400BCA7CD /* Assets.xcassets */; };
		5665A24726D04C3400BCA7CD /* LaunchScreen.storyboard in Resources */ = {isa = PBXBuildFile; fileRef = 5665A24526D04C3400BCA7CD /* LaunchScreen.storyboard */; };
		5665A24F26D0521B00BCA7CD /* GoogleService-Info.plist in Resources */ = {isa = PBXBuildFile; fileRef = 5665A24E26D0521B00BCA7CD /* GoogleService-Info.plist */; };
		5680251826D2A886002E6F1C /* PassengerViewController.swift in Sources */ = {isa = PBXBuildFile; fileRef = 5680251726D2A886002E6F1C /* PassengerViewController.swift */; };
		56ABA68A2975A35A0074DE30 /* Extensions.swift in Sources */ = {isa = PBXBuildFile; fileRef = 56ABA6892975A35A0074DE30 /* Extensions.swift */; };
		56ABA68C2975AEE60074DE30 /* Enum.swift in Sources */ = {isa = PBXBuildFile; fileRef = 56ABA68B2975AEE60074DE30 /* Enum.swift */; };
/* End PBXBuildFile section */

/* Begin PBXFileReference section */
		562FBE622977B66E000AC0ED /* Util.swift */ = {isa = PBXFileReference; lastKnownFileType = sourcecode.swift; path = Util.swift; sourceTree = "<group>"; };
		5660429926D1BED8001256AB /* EnterViewController.swift */ = {isa = PBXFileReference; lastKnownFileType = sourcecode.swift; path = EnterViewController.swift; sourceTree = "<group>"; };
		5660429B26D1BF14001256AB /* RegistrationViewController.swift */ = {isa = PBXFileReference; lastKnownFileType = sourcecode.swift; path = RegistrationViewController.swift; sourceTree = "<group>"; };
		5665697926D413C1002B5501 /* DriverTableViewController.swift */ = {isa = PBXFileReference; lastKnownFileType = sourcecode.swift; path = DriverTableViewController.swift; sourceTree = "<group>"; };
		5665697B26D44770002B5501 /* ConfirmRequestViewController.swift */ = {isa = PBXFileReference; lastKnownFileType = sourcecode.swift; path = ConfirmRequestViewController.swift; sourceTree = "<group>"; };
		5665A23726D04C3100BCA7CD /* Uber.app */ = {isa = PBXFileReference; explicitFileType = wrapper.application; includeInIndex = 0; path = Uber.app; sourceTree = BUILT_PRODUCTS_DIR; };
		5665A23A26D04C3100BCA7CD /* AppDelegate.swift */ = {isa = PBXFileReference; lastKnownFileType = sourcecode.swift; path = AppDelegate.swift; sourceTree = "<group>"; };
		5665A23C26D04C3100BCA7CD /* SceneDelegate.swift */ = {isa = PBXFileReference; lastKnownFileType = sourcecode.swift; path = SceneDelegate.swift; sourceTree = "<group>"; };
		5665A23E26D04C3100BCA7CD /* ViewController.swift */ = {isa = PBXFileReference; lastKnownFileType = sourcecode.swift; path = ViewController.swift; sourceTree = "<group>"; };
		5665A24126D04C3100BCA7CD /* Base */ = {isa = PBXFileReference; lastKnownFileType = file.storyboard; name = Base; path = Base.lproj/Main.storyboard; sourceTree = "<group>"; };
		5665A24326D04C3400BCA7CD /* Assets.xcassets */ = {isa = PBXFileReference; lastKnownFileType = folder.assetcatalog; path = Assets.xcassets; sourceTree = "<group>"; };
		5665A24626D04C3400BCA7CD /* Base */ = {isa = PBXFileReference; lastKnownFileType = file.storyboard; name = Base; path = Base.lproj/LaunchScreen.storyboard; sourceTree = "<group>"; };
		5665A24826D04C3400BCA7CD /* Info.plist */ = {isa = PBXFileReference; lastKnownFileType = text.plist.xml; path = Info.plist; sourceTree = "<group>"; };
		5665A24E26D0521B00BCA7CD /* GoogleService-Info.plist */ = {isa = PBXFileReference; fileEncoding = 4; lastKnownFileType = text.plist.xml; path = "GoogleService-Info.plist"; sourceTree = "<group>"; };
		5680251726D2A886002E6F1C /* PassengerViewController.swift */ = {isa = PBXFileReference; lastKnownFileType = sourcecode.swift; path = PassengerViewController.swift; sourceTree = "<group>"; };
		5680251926D34F1A002E6F1C /* Uber.entitlements */ = {isa = PBXFileReference; lastKnownFileType = text.plist.entitlements; path = Uber.entitlements; sourceTree = "<group>"; };
		56ABA6892975A35A0074DE30 /* Extensions.swift */ = {isa = PBXFileReference; lastKnownFileType = sourcecode.swift; path = Extensions.swift; sourceTree = "<group>"; };
		56ABA68B2975AEE60074DE30 /* Enum.swift */ = {isa = PBXFileReference; lastKnownFileType = sourcecode.swift; path = Enum.swift; sourceTree = "<group>"; };
/* End PBXFileReference section */

/* Begin PBXFrameworksBuildPhase section */
		5665A23426D04C3100BCA7CD /* Frameworks */ = {
			isa = PBXFrameworksBuildPhase;
			buildActionMask = 2147483647;
			files = (
				565D78F6297277110041CB09 /* FirebaseDatabase in Frameworks */,
				565D78F2297277110041CB09 /* FirebaseAnalytics in Frameworks */,
				565D78F4297277110041CB09 /* FirebaseAuth in Frameworks */,
			);
			runOnlyForDeploymentPostprocessing = 0;
		};
/* End PBXFrameworksBuildPhase section */

/* Begin PBXGroup section */
		5660429626D1BE02001256AB /* Controllers */ = {
			isa = PBXGroup;
			children = (
				5665A23E26D04C3100BCA7CD /* ViewController.swift */,
				5660429926D1BED8001256AB /* EnterViewController.swift */,
				5660429B26D1BF14001256AB /* RegistrationViewController.swift */,
				5680251726D2A886002E6F1C /* PassengerViewController.swift */,
				5665697926D413C1002B5501 /* DriverTableViewController.swift */,
				5665697B26D44770002B5501 /* ConfirmRequestViewController.swift */,
			);
			path = Controllers;
			sourceTree = "<group>";
		};
		5660429826D1BE42001256AB /* Views */ = {
			isa = PBXGroup;
			children = (
				5665A24026D04C3100BCA7CD /* Main.storyboard */,
				5665A24526D04C3400BCA7CD /* LaunchScreen.storyboard */,
			);
			path = Views;
			sourceTree = "<group>";
		};
		5665A22E26D04C3000BCA7CD = {
			isa = PBXGroup;
			children = (
				5665A23926D04C3100BCA7CD /* Uber */,
				5665A23826D04C3100BCA7CD /* Products */,
			);
			sourceTree = "<group>";
		};
		5665A23826D04C3100BCA7CD /* Products */ = {
			isa = PBXGroup;
			children = (
				5665A23726D04C3100BCA7CD /* Uber.app */,
			);
			name = Products;
			sourceTree = "<group>";
		};
		5665A23926D04C3100BCA7CD /* Uber */ = {
			isa = PBXGroup;
			children = (
				5680251926D34F1A002E6F1C /* Uber.entitlements */,
				5665A23A26D04C3100BCA7CD /* AppDelegate.swift */,
				5665A23C26D04C3100BCA7CD /* SceneDelegate.swift */,
				5665A24326D04C3400BCA7CD /* Assets.xcassets */,
				5665A24826D04C3400BCA7CD /* Info.plist */,
				5665A24E26D0521B00BCA7CD /* GoogleService-Info.plist */,
				56ABA68529759DE40074DE30 /* Custom */,
				5660429626D1BE02001256AB /* Controllers */,
				5660429826D1BE42001256AB /* Views */,
			);
			path = Uber;
			sourceTree = "<group>";
		};
		56ABA68529759DE40074DE30 /* Custom */ = {
			isa = PBXGroup;
			children = (
				56ABA6892975A35A0074DE30 /* Extensions.swift */,
				56ABA68B2975AEE60074DE30 /* Enum.swift */,
				562FBE622977B66E000AC0ED /* Util.swift */,
			);
			path = Custom;
			sourceTree = "<group>";
		};
/* End PBXGroup section */

/* Begin PBXNativeTarget section */
		5665A23626D04C3100BCA7CD /* Uber */ = {
			isa = PBXNativeTarget;
			buildConfigurationList = 5665A24B26D04C3400BCA7CD /* Build configuration list for PBXNativeTarget "Uber" */;
			buildPhases = (
				5665A23326D04C3100BCA7CD /* Sources */,
				5665A23426D04C3100BCA7CD /* Frameworks */,
				5665A23526D04C3100BCA7CD /* Resources */,
			);
			buildRules = (
			);
			dependencies = (
			);
			name = Uber;
			packageProductDependencies = (
				565D78F1297277110041CB09 /* FirebaseAnalytics */,
				565D78F3297277110041CB09 /* FirebaseAuth */,
				565D78F5297277110041CB09 /* FirebaseDatabase */,
			);
			productName = Uber;
			productReference = 5665A23726D04C3100BCA7CD /* Uber.app */;
			productType = "com.apple.product-type.application";
		};
/* End PBXNativeTarget section */

/* Begin PBXProject section */
		5665A22F26D04C3000BCA7CD /* Project object */ = {
			isa = PBXProject;
			attributes = {
				LastSwiftUpdateCheck = 1250;
				LastUpgradeCheck = 1250;
				TargetAttributes = {
					5665A23626D04C3100BCA7CD = {
						CreatedOnToolsVersion = 12.5.1;
					};
				};
			};
			buildConfigurationList = 5665A23226D04C3000BCA7CD /* Build configuration list for PBXProject "Uber" */;
			compatibilityVersion = "Xcode 9.3";
			developmentRegion = en;
			hasScannedForEncodings = 0;
			knownRegions = (
				en,
				Base,
			);
			mainGroup = 5665A22E26D04C3000BCA7CD;
			packageReferences = (
				565D78F0297277110041CB09 /* XCRemoteSwiftPackageReference "firebase-ios-sdk" */,
			);
			productRefGroup = 5665A23826D04C3100BCA7CD /* Products */;
			projectDirPath = "";
			projectRoot = "";
			targets = (
				5665A23626D04C3100BCA7CD /* Uber */,
			);
		};
/* End PBXProject section */

/* Begin PBXResourcesBuildPhase section */
		5665A23526D04C3100BCA7CD /* Resources */ = {
			isa = PBXResourcesBuildPhase;
			buildActionMask = 2147483647;
			files = (
				5665A24726D04C3400BCA7CD /* LaunchScreen.storyboard in Resources */,
				5665A24F26D0521B00BCA7CD /* GoogleService-Info.plist in Resources */,
				5665A24426D04C3400BCA7CD /* Assets.xcassets in Resources */,
				5665A24226D04C3100BCA7CD /* Main.storyboard in Resources */,
			);
			runOnlyForDeploymentPostprocessing = 0;
		};
/* End PBXResourcesBuildPhase section */

/* Begin PBXSourcesBuildPhase section */
		5665A23326D04C3100BCA7CD /* Sources */ = {
			isa = PBXSourcesBuildPhase;
			buildActionMask = 2147483647;
			files = (
				562FBE632977B66E000AC0ED /* Util.swift in Sources */,
				5665A23F26D04C3100BCA7CD /* ViewController.swift in Sources */,
				5660429A26D1BED8001256AB /* EnterViewController.swift in Sources */,
				5665A23B26D04C3100BCA7CD /* AppDelegate.swift in Sources */,
				5665697A26D413C1002B5501 /* DriverTableViewController.swift in Sources */,
				56ABA68C2975AEE60074DE30 /* Enum.swift in Sources */,
				5680251826D2A886002E6F1C /* PassengerViewController.swift in Sources */,
				56ABA68A2975A35A0074DE30 /* Extensions.swift in Sources */,
				5665A23D26D04C3100BCA7CD /* SceneDelegate.swift in Sources */,
				5660429C26D1BF14001256AB /* RegistrationViewController.swift in Sources */,
				5665697C26D44770002B5501 /* ConfirmRequestViewController.swift in Sources */,
			);
			runOnlyForDeploymentPostprocessing = 0;
		};
/* End PBXSourcesBuildPhase section */

/* Begin PBXVariantGroup section */
		5665A24026D04C3100BCA7CD /* Main.storyboard */ = {
			isa = PBXVariantGroup;
			children = (
				5665A24126D04C3100BCA7CD /* Base */,
			);
			name = Main.storyboard;
			sourceTree = "<group>";
		};
		5665A24526D04C3400BCA7CD /* LaunchScreen.storyboard */ = {
			isa = PBXVariantGroup;
			children = (
				5665A24626D04C3400BCA7CD /* Base */,
			);
			name = LaunchScreen.storyboard;
			sourceTree = "<group>";
		};
/* End PBXVariantGroup section */

/* Begin XCBuildConfiguration section */
		5665A24926D04C3400BCA7CD /* Debug */ = {
			isa = XCBuildConfiguration;
			buildSettings = {
				ALWAYS_SEARCH_USER_PATHS = NO;
				CLANG_ANALYZER_NONNULL = YES;
				CLANG_ANALYZER_NUMBER_OBJECT_CONVERSION = YES_AGGRESSIVE;
				CLANG_CXX_LANGUAGE_STANDARD = "gnu++14";
				CLANG_CXX_LIBRARY = "libc++";
				CLANG_ENABLE_MODULES = YES;
				CLANG_ENABLE_OBJC_ARC = YES;
				CLANG_ENABLE_OBJC_WEAK = YES;
				CLANG_WARN_BLOCK_CAPTURE_AUTORELEASING = YES;
				CLANG_WARN_BOOL_CONVERSION = YES;
				CLANG_WARN_COMMA = YES;
				CLANG_WARN_CONSTANT_CONVERSION = YES;
				CLANG_WARN_DEPRECATED_OBJC_IMPLEMENTATIONS = YES;
				CLANG_WARN_DIRECT_OBJC_ISA_USAGE = YES_ERROR;
				CLANG_WARN_DOCUMENTATION_COMMENTS = YES;
				CLANG_WARN_EMPTY_BODY = YES;
				CLANG_WARN_ENUM_CONVERSION = YES;
				CLANG_WARN_INFINITE_RECURSION = YES;
				CLANG_WARN_INT_CONVERSION = YES;
				CLANG_WARN_NON_LITERAL_NULL_CONVERSION = YES;
				CLANG_WARN_OBJC_IMPLICIT_RETAIN_SELF = YES;
				CLANG_WARN_OBJC_LITERAL_CONVERSION = YES;
				CLANG_WARN_OBJC_ROOT_CLASS = YES_ERROR;
				CLANG_WARN_QUOTED_INCLUDE_IN_FRAMEWORK_HEADER = YES;
				CLANG_WARN_RANGE_LOOP_ANALYSIS = YES;
				CLANG_WARN_STRICT_PROTOTYPES = YES;
				CLANG_WARN_SUSPICIOUS_MOVE = YES;
				CLANG_WARN_UNGUARDED_AVAILABILITY = YES_AGGRESSIVE;
				CLANG_WARN_UNREACHABLE_CODE = YES;
				CLANG_WARN__DUPLICATE_METHOD_MATCH = YES;
				COPY_PHASE_STRIP = NO;
				DEBUG_INFORMATION_FORMAT = dwarf;
				ENABLE_STRICT_OBJC_MSGSEND = YES;
				ENABLE_TESTABILITY = YES;
				GCC_C_LANGUAGE_STANDARD = gnu11;
				GCC_DYNAMIC_NO_PIC = NO;
				GCC_NO_COMMON_BLOCKS = YES;
				GCC_OPTIMIZATION_LEVEL = 0;
				GCC_PREPROCESSOR_DEFINITIONS = (
					"DEBUG=1",
					"$(inherited)",
				);
				GCC_WARN_64_TO_32_BIT_CONVERSION = YES;
				GCC_WARN_ABOUT_RETURN_TYPE = YES_ERROR;
				GCC_WARN_UNDECLARED_SELECTOR = YES;
				GCC_WARN_UNINITIALIZED_AUTOS = YES_AGGRESSIVE;
				GCC_WARN_UNUSED_FUNCTION = YES;
				GCC_WARN_UNUSED_VARIABLE = YES;
				IPHONEOS_DEPLOYMENT_TARGET = 14.5;
				MTL_ENABLE_DEBUG_INFO = INCLUDE_SOURCE;
				MTL_FAST_MATH = YES;
				ONLY_ACTIVE_ARCH = YES;
				SDKROOT = iphoneos;
				SWIFT_ACTIVE_COMPILATION_CONDITIONS = DEBUG;
				SWIFT_OPTIMIZATION_LEVEL = "-Onone";
			};
			name = Debug;
		};
		5665A24A26D04C3400BCA7CD /* Release */ = {
			isa = XCBuildConfiguration;
			buildSettings = {
				ALWAYS_SEARCH_USER_PATHS = NO;
				CLANG_ANALYZER_NONNULL = YES;
				CLANG_ANALYZER_NUMBER_OBJECT_CONVERSION = YES_AGGRESSIVE;
				CLANG_CXX_LANGUAGE_STANDARD = "gnu++14";
				CLANG_CXX_LIBRARY = "libc++";
				CLANG_ENABLE_MODULES = YES;
				CLANG_ENABLE_OBJC_ARC = YES;
				CLANG_ENABLE_OBJC_WEAK = YES;
				CLANG_WARN_BLOCK_CAPTURE_AUTORELEASING = YES;
				CLANG_WARN_BOOL_CONVERSION = YES;
				CLANG_WARN_COMMA = YES;
				CLANG_WARN_CONSTANT_CONVERSION = YES;
				CLANG_WARN_DEPRECATED_OBJC_IMPLEMENTATIONS = YES;
				CLANG_WARN_DIRECT_OBJC_ISA_USAGE = YES_ERROR;
				CLANG_WARN_DOCUMENTATION_COMMENTS = YES;
				CLANG_WARN_EMPTY_BODY = YES;
				CLANG_WARN_ENUM_CONVERSION = YES;
				CLANG_WARN_INFINITE_RECURSION = YES;
				CLANG_WARN_INT_CONVERSION = YES;
				CLANG_WARN_NON_LITERAL_NULL_CONVERSION = YES;
				CLANG_WARN_OBJC_IMPLICIT_RETAIN_SELF = YES;
				CLANG_WARN_OBJC_LITERAL_CONVERSION = YES;
				CLANG_WARN_OBJC_ROOT_CLASS = YES_ERROR;
				CLANG_WARN_QUOTED_INCLUDE_IN_FRAMEWORK_HEADER = YES;
				CLANG_WARN_RANGE_LOOP_ANALYSIS = YES;
				CLANG_WARN_STRICT_PROTOTYPES = YES;
				CLANG_WARN_SUSPICIOUS_MOVE = YES;
				CLANG_WARN_UNGUARDED_AVAILABILITY = YES_AGGRESSIVE;
				CLANG_WARN_UNREACHABLE_CODE = YES;
				CLANG_WARN__DUPLICATE_METHOD_MATCH = YES;
				COPY_PHASE_STRIP = NO;
				DEBUG_INFORMATION_FORMAT = "dwarf-with-dsym";
				ENABLE_NS_ASSERTIONS = NO;
				ENABLE_STRICT_OBJC_MSGSEND = YES;
				GCC_C_LANGUAGE_STANDARD = gnu11;
				GCC_NO_COMMON_BLOCKS = YES;
				GCC_WARN_64_TO_32_BIT_CONVERSION = YES;
				GCC_WARN_ABOUT_RETURN_TYPE = YES_ERROR;
				GCC_WARN_UNDECLARED_SELECTOR = YES;
				GCC_WARN_UNINITIALIZED_AUTOS = YES_AGGRESSIVE;
				GCC_WARN_UNUSED_FUNCTION = YES;
				GCC_WARN_UNUSED_VARIABLE = YES;
				IPHONEOS_DEPLOYMENT_TARGET = 14.5;
				MTL_ENABLE_DEBUG_INFO = NO;
				MTL_FAST_MATH = YES;
				SDKROOT = iphoneos;
				SWIFT_COMPILATION_MODE = wholemodule;
				SWIFT_OPTIMIZATION_LEVEL = "-O";
				VALIDATE_PRODUCT = YES;
			};
			name = Release;
		};
		5665A24C26D04C3400BCA7CD /* Debug */ = {
			isa = XCBuildConfiguration;
			buildSettings = {
				ASSETCATALOG_COMPILER_APPICON_NAME = AppIcon;
				ASSETCATALOG_COMPILER_GLOBAL_ACCENT_COLOR_NAME = AccentColor;
				CODE_SIGN_ENTITLEMENTS = Uber/Uber.entitlements;
				CODE_SIGN_STYLE = Automatic;
				DEVELOPMENT_TEAM = PZ37P64H52;
				INFOPLIST_FILE = Uber/Info.plist;
				LD_RUNPATH_SEARCH_PATHS = (
					"$(inherited)",
					"@executable_path/Frameworks",
				);
				PRODUCT_BUNDLE_IDENTIFIER = "Glauber-Gustavo.Uber";
				PRODUCT_NAME = "$(TARGET_NAME)";
				SWIFT_VERSION = 5.0;
				TARGETED_DEVICE_FAMILY = 1;
			};
			name = Debug;
		};
		5665A24D26D04C3400BCA7CD /* Release */ = {
			isa = XCBuildConfiguration;
			buildSettings = {
				ASSETCATALOG_COMPILER_APPICON_NAME = AppIcon;
				ASSETCATALOG_COMPILER_GLOBAL_ACCENT_COLOR_NAME = AccentColor;
				CODE_SIGN_ENTITLEMENTS = Uber/Uber.entitlements;
				CODE_SIGN_STYLE = Automatic;
				DEVELOPMENT_TEAM = PZ37P64H52;
				INFOPLIST_FILE = Uber/Info.plist;
				LD_RUNPATH_SEARCH_PATHS = (
					"$(inherited)",
					"@executable_path/Frameworks",
				);
				PRODUCT_BUNDLE_IDENTIFIER = "Glauber-Gustavo.Uber";
				PRODUCT_NAME = "$(TARGET_NAME)";
				SWIFT_VERSION = 5.0;
				TARGETED_DEVICE_FAMILY = 1;
			};
			name = Release;
		};
/* End XCBuildConfiguration section */

/* Begin XCConfigurationList section */
		5665A23226D04C3000BCA7CD /* Build configuration list for PBXProject "Uber" */ = {
			isa = XCConfigurationList;
			buildConfigurations = (
				5665A24926D04C3400BCA7CD /* Debug */,
				5665A24A26D04C3400BCA7CD /* Release */,
			);
			defaultConfigurationIsVisible = 0;
			defaultConfigurationName = Release;
		};
		5665A24B26D04C3400BCA7CD /* Build configuration list for PBXNativeTarget "Uber" */ = {
			isa = XCConfigurationList;
			buildConfigurations = (
				5665A24C26D04C3400BCA7CD /* Debug */,
				5665A24D26D04C3400BCA7CD /* Release */,
			);
			defaultConfigurationIsVisible = 0;
			defaultConfigurationName = Release;
		};
/* End XCConfigurationList section */

/* Begin XCRemoteSwiftPackageReference section */
		565D78F0297277110041CB09 /* XCRemoteSwiftPackageReference "firebase-ios-sdk" */ = {
			isa = XCRemoteSwiftPackageReference;
			repositoryURL = "https://github.com/firebase/firebase-ios-sdk.git";
			requirement = {
				kind = upToNextMajorVersion;
				minimumVersion = 9.0.0;
			};
		};
/* End XCRemoteSwiftPackageReference section */

/* Begin XCSwiftPackageProductDependency section */
		565D78F1297277110041CB09 /* FirebaseAnalytics */ = {
			isa = XCSwiftPackageProductDependency;
			package = 565D78F0297277110041CB09 /* XCRemoteSwiftPackageReference "firebase-ios-sdk" */;
			productName = FirebaseAnalytics;
		};
		565D78F3297277110041CB09 /* FirebaseAuth */ = {
			isa = XCSwiftPackageProductDependency;
			package = 565D78F0297277110041CB09 /* XCRemoteSwiftPackageReference "firebase-ios-sdk" */;
			productName = FirebaseAuth;
		};
		565D78F5297277110041CB09 /* FirebaseDatabase */ = {
			isa = XCSwiftPackageProductDependency;
			package = 565D78F0297277110041CB09 /* XCRemoteSwiftPackageReference "firebase-ios-sdk" */;
			productName = FirebaseDatabase;
		};
/* End XCSwiftPackageProductDependency section */
	};
	rootObject = 5665A22F26D04C3000BCA7CD /* Project object */;
}
